
Microsoft Visual Studio Solution File, Format Version 12.00
# Visual Studio Version 17
VisualStudioVersion = 17.13.35825.156
MinimumVisualStudioVersion = 10.0.40219.1
Project("{FAE04EC0-301F-11D3-BF4B-00C04F79EFBC}") = "TN01-WFCadastrar", "TN01-WFCadastrar.csproj", "{2D957560-FD4A-4D3C-94CF-FE7BDBBEFE1C}"
EndProject
Project("{FAE04EC0-301F-11D3-BF4B-00C04F79EFBC}") = "WFCadastroEndereco", "..\WFCadastroEmdereco\WFCadastroEndereco.csproj", "{A32E919B-DA3C-445A-9513-955EBF88A003}"
EndProject
Global
	GlobalSection(SolutionConfigurationPlatforms) = preSolution
		Debug|Any CPU = Debug|Any CPU
		Release|Any CPU = Release|Any CPU
	EndGlobalSection
	GlobalSection(ProjectConfigurationPlatforms) = postSolution
		{2D957560-FD4A-4D3C-94CF-FE7BDBBEFE1C}.Debug|Any CPU.ActiveCfg = Debug|Any CPU
		{2D957560-FD4A-4D3C-94CF-FE7BDBBEFE1C}.Debug|Any CPU.Build.0 = Debug|Any CPU
		{2D957560-FD4A-4D3C-94CF-FE7BDBBEFE1C}.Release|Any CPU.ActiveCfg = Release|Any CPU
		{2D957560-FD4A-4D3C-94CF-FE7BDBBEFE1C}.Release|Any CPU.Build.0 = Release|Any CPU
		{A32E919B-DA3C-445A-9513-955EBF88A003}.Debug|Any CPU.ActiveCfg = Debug|Any CPU
		{A32E919B-DA3C-445A-9513-955EBF88A003}.Debug|Any CPU.Build.0 = Debug|Any CPU
		{A32E919B-DA3C-445A-9513-955EBF88A003}.Release|Any CPU.ActiveCfg = Release|Any CPU
		{A32E919B-DA3C-445A-9513-955EBF88A003}.Release|Any CPU.Build.0 = Release|Any CPU
	EndGlobalSection
	GlobalSection(SolutionProperties) = preSolution
		HideSolutionNode = FALSE
	EndGlobalSection
	GlobalSection(ExtensibilityGlobals) = postSolution
		SolutionGuid = {C466AA25-CD6B-44A7-9A6C-4F7EFC8B5530}
	EndGlobalSection
EndGlobal
